
Microsoft Visual Studio Solution File, Format Version 12.00
# Visual Studio 14
VisualStudioVersion = 14.0.25420.1
MinimumVisualStudioVersion = 10.0.40219.1
Project("{FAE04EC0-301F-11D3-BF4B-00C04F79EFBC}") = "GameDisplay", "GameDisplay\GameDisplay.csproj", "{CDF94F8D-97FA-4ED4-AD3D-E346199C678F}"
EndProject
Project("{FAE04EC0-301F-11D3-BF4B-00C04F79EFBC}") = "GameMechanics", "GameMechanics\GameMechanics.csproj", "{3D15050F-9E52-4DB5-AB1D-A03E68A5F90D}"
EndProject
Project("{FAE04EC0-301F-11D3-BF4B-00C04F79EFBC}") = "ConsoleApplication2", "ConsoleApplication2\ConsoleApplication2.csproj", "{7383D9F2-64D6-4FEC-BC15-C92303B8598D}"
EndProject
Project("{FAE04EC0-301F-11D3-BF4B-00C04F79EFBC}") = "GameMode", "GameMode\GameMode.csproj", "{539A086A-4DCC-4DFE-B245-F2167E8A31A3}"
EndProject
Global
	GlobalSection(SolutionConfigurationPlatforms) = preSolution
		Debug|Any CPU = Debug|Any CPU
		Release|Any CPU = Release|Any CPU
	EndGlobalSection
	GlobalSection(ProjectConfigurationPlatforms) = postSolution
		{CDF94F8D-97FA-4ED4-AD3D-E346199C678F}.Debug|Any CPU.ActiveCfg = Debug|Any CPU
		{CDF94F8D-97FA-4ED4-AD3D-E346199C678F}.Debug|Any CPU.Build.0 = Debug|Any CPU
		{CDF94F8D-97FA-4ED4-AD3D-E346199C678F}.Release|Any CPU.ActiveCfg = Release|Any CPU
		{CDF94F8D-97FA-4ED4-AD3D-E346199C678F}.Release|Any CPU.Build.0 = Release|Any CPU
		{3D15050F-9E52-4DB5-AB1D-A03E68A5F90D}.Debug|Any CPU.ActiveCfg = Debug|Any CPU
		{3D15050F-9E52-4DB5-AB1D-A03E68A5F90D}.Debug|Any CPU.Build.0 = Debug|Any CPU
		{3D15050F-9E52-4DB5-AB1D-A03E68A5F90D}.Release|Any CPU.ActiveCfg = Release|Any CPU
		{3D15050F-9E52-4DB5-AB1D-A03E68A5F90D}.Release|Any CPU.Build.0 = Release|Any CPU
		{7383D9F2-64D6-4FEC-BC15-C92303B8598D}.Debug|Any CPU.ActiveCfg = Debug|Any CPU
		{7383D9F2-64D6-4FEC-BC15-C92303B8598D}.Debug|Any CPU.Build.0 = Debug|Any CPU
		{7383D9F2-64D6-4FEC-BC15-C92303B8598D}.Release|Any CPU.ActiveCfg = Release|Any CPU
		{7383D9F2-64D6-4FEC-BC15-C92303B8598D}.Release|Any CPU.Build.0 = Release|Any CPU
		{539A086A-4DCC-4DFE-B245-F2167E8A31A3}.Debug|Any CPU.ActiveCfg = Debug|Any CPU
		{539A086A-4DCC-4DFE-B245-F2167E8A31A3}.Debug|Any CPU.Build.0 = Debug|Any CPU
		{539A086A-4DCC-4DFE-B245-F2167E8A31A3}.Release|Any CPU.ActiveCfg = Release|Any CPU
		{539A086A-4DCC-4DFE-B245-F2167E8A31A3}.Release|Any CPU.Build.0 = Release|Any CPU
	EndGlobalSection
	GlobalSection(SolutionProperties) = preSolution
		HideSolutionNode = FALSE
	EndGlobalSection
EndGlobal
